
Microsoft Visual Studio Solution File, Format Version 12.00
# Visual Studio Version 17
VisualStudioVersion = 17.0.31903.59
MinimumVisualStudioVersion = 10.0.40219.1
Project("{FAE04EC0-301F-11D3-BF4B-00C04F79EFBC}") = "Console", "Console\Console.csproj", "{14EB0EA7-6664-4E89-9FA3-CCFF14A77224}"
EndProject
Project("{FAE04EC0-301F-11D3-BF4B-00C04F79EFBC}") = "Application", "Application\Application.csproj", "{84908348-BA3D-4EAF-9EA2-D4E627F24450}"
EndProject
Global
	GlobalSection(SolutionConfigurationPlatforms) = preSolution
		Debug|Any CPU = Debug|Any CPU
		Release|Any CPU = Release|Any CPU
	EndGlobalSection
	GlobalSection(ProjectConfigurationPlatforms) = postSolution
		{14EB0EA7-6664-4E89-9FA3-CCFF14A77224}.Debug|Any CPU.ActiveCfg = Debug|Any CPU
		{14EB0EA7-6664-4E89-9FA3-CCFF14A77224}.Debug|Any CPU.Build.0 = Debug|Any CPU
		{14EB0EA7-6664-4E89-9FA3-CCFF14A77224}.Release|Any CPU.ActiveCfg = Release|Any CPU
		{14EB0EA7-6664-4E89-9FA3-CCFF14A77224}.Release|Any CPU.Build.0 = Release|Any CPU
		{84908348-BA3D-4EAF-9EA2-D4E627F24450}.Debug|Any CPU.ActiveCfg = Debug|Any CPU
		{84908348-BA3D-4EAF-9EA2-D4E627F24450}.Debug|Any CPU.Build.0 = Debug|Any CPU
		{84908348-BA3D-4EAF-9EA2-D4E627F24450}.Release|Any CPU.ActiveCfg = Release|Any CPU
		{84908348-BA3D-4EAF-9EA2-D4E627F24450}.Release|Any CPU.Build.0 = Release|Any CPU
	EndGlobalSection
	GlobalSection(SolutionProperties) = preSolution
		HideSolutionNode = FALSE
	EndGlobalSection
EndGlobal
